// !$*UTF8*$!
{
	archiveVersion = 1;
	classes = {
	};
	objectVersion = 50;
	objects = {

/* Begin PBXBuildFile section */
		2BDA49B08085D4A9C2D5A5FB /* Pods_VRGSoftIOSInputKit.framework in Frameworks */ = {isa = PBXBuildFile; fileRef = 283AF6E3AE883469A6AFB38A /* Pods_VRGSoftIOSInputKit.framework */; };
		8B0516F5241250EA008087B0 /* AppDelegate.swift in Sources */ = {isa = PBXBuildFile; fileRef = 8B0516F4241250EA008087B0 /* AppDelegate.swift */; };
		8B0516FF241250EA008087B0 /* ViewController.swift in Sources */ = {isa = PBXBuildFile; fileRef = 8B0516FE241250EA008087B0 /* ViewController.swift */; };
		8B051701241250EC008087B0 /* Assets.xcassets in Resources */ = {isa = PBXBuildFile; fileRef = 8B051700241250EC008087B0 /* Assets.xcassets */; };
		8B051704241250EC008087B0 /* LaunchScreen.storyboard in Resources */ = {isa = PBXBuildFile; fileRef = 8B051702241250EC008087B0 /* LaunchScreen.storyboard */; };
		8B05171424125143008087B0 /* SMFilter.swift in Sources */ = {isa = PBXBuildFile; fileRef = 8B05170D24125143008087B0 /* SMFilter.swift */; };
		8B05171524125143008087B0 /* SMFormatter.swift in Sources */ = {isa = PBXBuildFile; fileRef = 8B05170F24125143008087B0 /* SMFormatter.swift */; };
		8B05171624125143008087B0 /* SMFormatterDigitSimple.swift in Sources */ = {isa = PBXBuildFile; fileRef = 8B05171024125143008087B0 /* SMFormatterDigitSimple.swift */; };
		8B05171724125143008087B0 /* SMValidator.swift in Sources */ = {isa = PBXBuildFile; fileRef = 8B05171224125143008087B0 /* SMValidator.swift */; };
		8B05171824125143008087B0 /* SMValidationGroup.swift in Sources */ = {isa = PBXBuildFile; fileRef = 8B05171324125143008087B0 /* SMValidationGroup.swift */; };
		8B051720241257DF008087B0 /* VRGSoftIOSInputKitTests.swift in Sources */ = {isa = PBXBuildFile; fileRef = 8B05171F241257DF008087B0 /* VRGSoftIOSInputKitTests.swift */; };
/* End PBXBuildFile section */

/* Begin PBXContainerItemProxy section */
		8B051722241257DF008087B0 /* PBXContainerItemProxy */ = {
			isa = PBXContainerItemProxy;
			containerPortal = 8B0516E9241250EA008087B0 /* Project object */;
			proxyType = 1;
			remoteGlobalIDString = 8B0516F0241250EA008087B0;
			remoteInfo = VRGSoftIOSInputKit;
		};
/* End PBXContainerItemProxy section */

/* Begin PBXFileReference section */
		283AF6E3AE883469A6AFB38A /* Pods_VRGSoftIOSInputKit.framework */ = {isa = PBXFileReference; explicitFileType = wrapper.framework; includeInIndex = 0; path = Pods_VRGSoftIOSInputKit.framework; sourceTree = BUILT_PRODUCTS_DIR; };
		2AC15F9120A4DB9C37E2ED93 /* Pods-VRGSoftIOSInputKit.debug.xcconfig */ = {isa = PBXFileReference; includeInIndex = 1; lastKnownFileType = text.xcconfig; name = "Pods-VRGSoftIOSInputKit.debug.xcconfig"; path = "Target Support Files/Pods-VRGSoftIOSInputKit/Pods-VRGSoftIOSInputKit.debug.xcconfig"; sourceTree = "<group>"; };
		5DD16B1190557BFB8BC38284 /* Pods-VRGSoftIOSInputKit.release.xcconfig */ = {isa = PBXFileReference; includeInIndex = 1; lastKnownFileType = text.xcconfig; name = "Pods-VRGSoftIOSInputKit.release.xcconfig"; path = "Target Support Files/Pods-VRGSoftIOSInputKit/Pods-VRGSoftIOSInputKit.release.xcconfig"; sourceTree = "<group>"; };
		8B0516F1241250EA008087B0 /* VRGSoftIOSInputKit.app */ = {isa = PBXFileReference; explicitFileType = wrapper.application; includeInIndex = 0; path = VRGSoftIOSInputKit.app; sourceTree = BUILT_PRODUCTS_DIR; };
		8B0516F4241250EA008087B0 /* AppDelegate.swift */ = {isa = PBXFileReference; lastKnownFileType = sourcecode.swift; path = AppDelegate.swift; sourceTree = "<group>"; };
		8B0516FE241250EA008087B0 /* ViewController.swift */ = {isa = PBXFileReference; lastKnownFileType = sourcecode.swift; path = ViewController.swift; sourceTree = "<group>"; };
		8B051700241250EC008087B0 /* Assets.xcassets */ = {isa = PBXFileReference; lastKnownFileType = folder.assetcatalog; path = Assets.xcassets; sourceTree = "<group>"; };
		8B051703241250EC008087B0 /* Base */ = {isa = PBXFileReference; lastKnownFileType = file.storyboard; name = Base; path = Base.lproj/LaunchScreen.storyboard; sourceTree = "<group>"; };
		8B051705241250EC008087B0 /* Info.plist */ = {isa = PBXFileReference; lastKnownFileType = text.plist.xml; path = Info.plist; sourceTree = "<group>"; };
		8B05170D24125143008087B0 /* SMFilter.swift */ = {isa = PBXFileReference; fileEncoding = 4; lastKnownFileType = sourcecode.swift; path = SMFilter.swift; sourceTree = "<group>"; };
		8B05170F24125143008087B0 /* SMFormatter.swift */ = {isa = PBXFileReference; fileEncoding = 4; lastKnownFileType = sourcecode.swift; path = SMFormatter.swift; sourceTree = "<group>"; };
		8B05171024125143008087B0 /* SMFormatterDigitSimple.swift */ = {isa = PBXFileReference; fileEncoding = 4; lastKnownFileType = sourcecode.swift; path = SMFormatterDigitSimple.swift; sourceTree = "<group>"; };
		8B05171224125143008087B0 /* SMValidator.swift */ = {isa = PBXFileReference; fileEncoding = 4; lastKnownFileType = sourcecode.swift; path = SMValidator.swift; sourceTree = "<group>"; };
		8B05171324125143008087B0 /* SMValidationGroup.swift */ = {isa = PBXFileReference; fileEncoding = 4; lastKnownFileType = sourcecode.swift; path = SMValidationGroup.swift; sourceTree = "<group>"; };
		8B05171D241257DF008087B0 /* VRGSoftIOSInputKitTests.xctest */ = {isa = PBXFileReference; explicitFileType = wrapper.cfbundle; includeInIndex = 0; path = VRGSoftIOSInputKitTests.xctest; sourceTree = BUILT_PRODUCTS_DIR; };
		8B05171F241257DF008087B0 /* VRGSoftIOSInputKitTests.swift */ = {isa = PBXFileReference; lastKnownFileType = sourcecode.swift; path = VRGSoftIOSInputKitTests.swift; sourceTree = "<group>"; };
		8B051721241257DF008087B0 /* Info.plist */ = {isa = PBXFileReference; lastKnownFileType = text.plist.xml; path = Info.plist; sourceTree = "<group>"; };
/* End PBXFileReference section */

/* Begin PBXFrameworksBuildPhase section */
		8B0516EE241250EA008087B0 /* Frameworks */ = {
			isa = PBXFrameworksBuildPhase;
			buildActionMask = 2147483647;
			files = (
				2BDA49B08085D4A9C2D5A5FB /* Pods_VRGSoftIOSInputKit.framework in Frameworks */,
			);
			runOnlyForDeploymentPostprocessing = 0;
		};
		8B05171A241257DF008087B0 /* Frameworks */ = {
			isa = PBXFrameworksBuildPhase;
			buildActionMask = 2147483647;
			files = (
			);
			runOnlyForDeploymentPostprocessing = 0;
		};
/* End PBXFrameworksBuildPhase section */

/* Begin PBXGroup section */
		8323C558440A8901724DC934 /* Pods */ = {
			isa = PBXGroup;
			children = (
				2AC15F9120A4DB9C37E2ED93 /* Pods-VRGSoftIOSInputKit.debug.xcconfig */,
				5DD16B1190557BFB8BC38284 /* Pods-VRGSoftIOSInputKit.release.xcconfig */,
			);
			path = Pods;
			sourceTree = "<group>";
		};
		88F39E5C331CF5098CB1EA07 /* Frameworks */ = {
			isa = PBXGroup;
			children = (
				283AF6E3AE883469A6AFB38A /* Pods_VRGSoftIOSInputKit.framework */,
			);
			name = Frameworks;
			sourceTree = "<group>";
		};
		8B0516E8241250EA008087B0 = {
			isa = PBXGroup;
			children = (
				8B0516F3241250EA008087B0 /* VRGSoftIOSInputKit */,
				8B05171E241257DF008087B0 /* VRGSoftIOSInputKitTests */,
				8B0516F2241250EA008087B0 /* Products */,
				8323C558440A8901724DC934 /* Pods */,
				88F39E5C331CF5098CB1EA07 /* Frameworks */,
			);
			sourceTree = "<group>";
		};
		8B0516F2241250EA008087B0 /* Products */ = {
			isa = PBXGroup;
			children = (
				8B0516F1241250EA008087B0 /* VRGSoftIOSInputKit.app */,
				8B05171D241257DF008087B0 /* VRGSoftIOSInputKitTests.xctest */,
			);
			name = Products;
			sourceTree = "<group>";
		};
		8B0516F3241250EA008087B0 /* VRGSoftIOSInputKit */ = {
			isa = PBXGroup;
			children = (
				8B0516F4241250EA008087B0 /* AppDelegate.swift */,
				8B0516FE241250EA008087B0 /* ViewController.swift */,
				8B05170B24125108008087B0 /* Input */,
				8B051700241250EC008087B0 /* Assets.xcassets */,
				8B051702241250EC008087B0 /* LaunchScreen.storyboard */,
				8B051705241250EC008087B0 /* Info.plist */,
			);
			path = VRGSoftIOSInputKit;
			sourceTree = "<group>";
		};
		8B05170B24125108008087B0 /* Input */ = {
			isa = PBXGroup;
			children = (
				8B05170C24125143008087B0 /* Filter */,
				8B05170E24125143008087B0 /* Formatter */,
				8B05171124125143008087B0 /* Validators */,
			);
			path = Input;
			sourceTree = "<group>";
		};
		8B05170C24125143008087B0 /* Filter */ = {
			isa = PBXGroup;
			children = (
				8B05170D24125143008087B0 /* SMFilter.swift */,
			);
			path = Filter;
			sourceTree = "<group>";
		};
		8B05170E24125143008087B0 /* Formatter */ = {
			isa = PBXGroup;
			children = (
				8B05170F24125143008087B0 /* SMFormatter.swift */,
				8B05171024125143008087B0 /* SMFormatterDigitSimple.swift */,
			);
			path = Formatter;
			sourceTree = "<group>";
		};
		8B05171124125143008087B0 /* Validators */ = {
			isa = PBXGroup;
			children = (
				8B05171224125143008087B0 /* SMValidator.swift */,
				8B05171324125143008087B0 /* SMValidationGroup.swift */,
			);
			path = Validators;
			sourceTree = "<group>";
		};
		8B05171E241257DF008087B0 /* VRGSoftIOSInputKitTests */ = {
			isa = PBXGroup;
			children = (
				8B05171F241257DF008087B0 /* VRGSoftIOSInputKitTests.swift */,
				8B051721241257DF008087B0 /* Info.plist */,
			);
			path = VRGSoftIOSInputKitTests;
			sourceTree = "<group>";
		};
/* End PBXGroup section */

/* Begin PBXNativeTarget section */
		8B0516F0241250EA008087B0 /* VRGSoftIOSInputKit */ = {
			isa = PBXNativeTarget;
			buildConfigurationList = 8B051708241250EC008087B0 /* Build configuration list for PBXNativeTarget "VRGSoftIOSInputKit" */;
			buildPhases = (
				ECCBF8293C76654C55B3FEEA /* [CP] Check Pods Manifest.lock */,
				8B0516ED241250EA008087B0 /* Sources */,
				8B0516EE241250EA008087B0 /* Frameworks */,
				8B0516EF241250EA008087B0 /* Resources */,
			);
			buildRules = (
			);
			dependencies = (
			);
			name = VRGSoftIOSInputKit;
			productName = VRGSoftIOSInputKit;
			productReference = 8B0516F1241250EA008087B0 /* VRGSoftIOSInputKit.app */;
			productType = "com.apple.product-type.application";
		};
		8B05171C241257DF008087B0 /* VRGSoftIOSInputKitTests */ = {
			isa = PBXNativeTarget;
			buildConfigurationList = 8B051726241257DF008087B0 /* Build configuration list for PBXNativeTarget "VRGSoftIOSInputKitTests" */;
			buildPhases = (
				8B051719241257DF008087B0 /* Sources */,
				8B05171A241257DF008087B0 /* Frameworks */,
				8B05171B241257DF008087B0 /* Resources */,
			);
			buildRules = (
			);
			dependencies = (
				8B051723241257DF008087B0 /* PBXTargetDependency */,
			);
			name = VRGSoftIOSInputKitTests;
			productName = VRGSoftIOSInputKitTests;
			productReference = 8B05171D241257DF008087B0 /* VRGSoftIOSInputKitTests.xctest */;
			productType = "com.apple.product-type.bundle.unit-test";
		};
/* End PBXNativeTarget section */

/* Begin PBXProject section */
		8B0516E9241250EA008087B0 /* Project object */ = {
			isa = PBXProject;
			attributes = {
				LastSwiftUpdateCheck = 1130;
				LastUpgradeCheck = 1130;
				ORGANIZATIONNAME = "OLEKSANDR SEMENIUK";
				TargetAttributes = {
					8B0516F0241250EA008087B0 = {
						CreatedOnToolsVersion = 11.3;
					};
					8B05171C241257DF008087B0 = {
						CreatedOnToolsVersion = 11.3;
						TestTargetID = 8B0516F0241250EA008087B0;
					};
				};
			};
			buildConfigurationList = 8B0516EC241250EA008087B0 /* Build configuration list for PBXProject "VRGSoftIOSInputKit" */;
			compatibilityVersion = "Xcode 9.3";
			developmentRegion = en;
			hasScannedForEncodings = 0;
			knownRegions = (
				en,
				Base,
			);
			mainGroup = 8B0516E8241250EA008087B0;
			productRefGroup = 8B0516F2241250EA008087B0 /* Products */;
			projectDirPath = "";
			projectRoot = "";
			targets = (
				8B0516F0241250EA008087B0 /* VRGSoftIOSInputKit */,
				8B05171C241257DF008087B0 /* VRGSoftIOSInputKitTests */,
			);
		};
/* End PBXProject section */

/* Begin PBXResourcesBuildPhase section */
		8B0516EF241250EA008087B0 /* Resources */ = {
			isa = PBXResourcesBuildPhase;
			buildActionMask = 2147483647;
			files = (
				8B051704241250EC008087B0 /* LaunchScreen.storyboard in Resources */,
				8B051701241250EC008087B0 /* Assets.xcassets in Resources */,
			);
			runOnlyForDeploymentPostprocessing = 0;
		};
		8B05171B241257DF008087B0 /* Resources */ = {
			isa = PBXResourcesBuildPhase;
			buildActionMask = 2147483647;
			files = (
			);
			runOnlyForDeploymentPostprocessing = 0;
		};
/* End PBXResourcesBuildPhase section */

/* Begin PBXShellScriptBuildPhase section */
		ECCBF8293C76654C55B3FEEA /* [CP] Check Pods Manifest.lock */ = {
			isa = PBXShellScriptBuildPhase;
			buildActionMask = 2147483647;
			files = (
			);
			inputFileListPaths = (
			);
			inputPaths = (
				"${PODS_PODFILE_DIR_PATH}/Podfile.lock",
				"${PODS_ROOT}/Manifest.lock",
			);
			name = "[CP] Check Pods Manifest.lock";
			outputFileListPaths = (
			);
			outputPaths = (
				"$(DERIVED_FILE_DIR)/Pods-VRGSoftIOSInputKit-checkManifestLockResult.txt",
			);
			runOnlyForDeploymentPostprocessing = 0;
			shellPath = /bin/sh;
			shellScript = "diff \"${PODS_PODFILE_DIR_PATH}/Podfile.lock\" \"${PODS_ROOT}/Manifest.lock\" > /dev/null\nif [ $? != 0 ] ; then\n    # print error to STDERR\n    echo \"error: The sandbox is not in sync with the Podfile.lock. Run 'pod install' or update your CocoaPods installation.\" >&2\n    exit 1\nfi\n# This output is used by Xcode 'outputs' to avoid re-running this script phase.\necho \"SUCCESS\" > \"${SCRIPT_OUTPUT_FILE_0}\"\n";
			showEnvVarsInLog = 0;
		};
/* End PBXShellScriptBuildPhase section */

/* Begin PBXSourcesBuildPhase section */
		8B0516ED241250EA008087B0 /* Sources */ = {
			isa = PBXSourcesBuildPhase;
			buildActionMask = 2147483647;
			files = (
				8B05171724125143008087B0 /* SMValidator.swift in Sources */,
				8B05171524125143008087B0 /* SMFormatter.swift in Sources */,
				8B0516F5241250EA008087B0 /* AppDelegate.swift in Sources */,
				8B05171824125143008087B0 /* SMValidationGroup.swift in Sources */,
				8B0516FF241250EA008087B0 /* ViewController.swift in Sources */,
				8B05171424125143008087B0 /* SMFilter.swift in Sources */,
				8B05171624125143008087B0 /* SMFormatterDigitSimple.swift in Sources */,
			);
			runOnlyForDeploymentPostprocessing = 0;
		};
		8B051719241257DF008087B0 /* Sources */ = {
			isa = PBXSourcesBuildPhase;
			buildActionMask = 2147483647;
			files = (
				8B051720241257DF008087B0 /* VRGSoftIOSInputKitTests.swift in Sources */,
			);
			runOnlyForDeploymentPostprocessing = 0;
		};
/* End PBXSourcesBuildPhase section */

/* Begin PBXTargetDependency section */
		8B051723241257DF008087B0 /* PBXTargetDependency */ = {
			isa = PBXTargetDependency;
			target = 8B0516F0241250EA008087B0 /* VRGSoftIOSInputKit */;
			targetProxy = 8B051722241257DF008087B0 /* PBXContainerItemProxy */;
		};
/* End PBXTargetDependency section */

/* Begin PBXVariantGroup section */
		8B051702241250EC008087B0 /* LaunchScreen.storyboard */ = {
			isa = PBXVariantGroup;
			children = (
				8B051703241250EC008087B0 /* Base */,
			);
			name = LaunchScreen.storyboard;
			sourceTree = "<group>";
		};
/* End PBXVariantGroup section */

/* Begin XCBuildConfiguration section */
		8B051706241250EC008087B0 /* Debug */ = {
			isa = XCBuildConfiguration;
			buildSettings = {
				ALWAYS_SEARCH_USER_PATHS = NO;
				CLANG_ANALYZER_NONNULL = YES;
				CLANG_ANALYZER_NUMBER_OBJECT_CONVERSION = YES_AGGRESSIVE;
				CLANG_CXX_LANGUAGE_STANDARD = "gnu++14";
				CLANG_CXX_LIBRARY = "libc++";
				CLANG_ENABLE_MODULES = YES;
				CLANG_ENABLE_OBJC_ARC = YES;
				CLANG_ENABLE_OBJC_WEAK = YES;
				CLANG_WARN_BLOCK_CAPTURE_AUTORELEASING = YES;
				CLANG_WARN_BOOL_CONVERSION = YES;
				CLANG_WARN_COMMA = YES;
				CLANG_WARN_CONSTANT_CONVERSION = YES;
				CLANG_WARN_DEPRECATED_OBJC_IMPLEMENTATIONS = YES;
				CLANG_WARN_DIRECT_OBJC_ISA_USAGE = YES_ERROR;
				CLANG_WARN_DOCUMENTATION_COMMENTS = YES;
				CLANG_WARN_EMPTY_BODY = YES;
				CLANG_WARN_ENUM_CONVERSION = YES;
				CLANG_WARN_INFINITE_RECURSION = YES;
				CLANG_WARN_INT_CONVERSION = YES;
				CLANG_WARN_NON_LITERAL_NULL_CONVERSION = YES;
				CLANG_WARN_OBJC_IMPLICIT_RETAIN_SELF = YES;
				CLANG_WARN_OBJC_LITERAL_CONVERSION = YES;
				CLANG_WARN_OBJC_ROOT_CLASS = YES_ERROR;
				CLANG_WARN_RANGE_LOOP_ANALYSIS = YES;
				CLANG_WARN_STRICT_PROTOTYPES = YES;
				CLANG_WARN_SUSPICIOUS_MOVE = YES;
				CLANG_WARN_UNGUARDED_AVAILABILITY = YES_AGGRESSIVE;
				CLANG_WARN_UNREACHABLE_CODE = YES;
				CLANG_WARN__DUPLICATE_METHOD_MATCH = YES;
				COPY_PHASE_STRIP = NO;
				DEBUG_INFORMATION_FORMAT = dwarf;
				ENABLE_STRICT_OBJC_MSGSEND = YES;
				ENABLE_TESTABILITY = YES;
				GCC_C_LANGUAGE_STANDARD = gnu11;
				GCC_DYNAMIC_NO_PIC = NO;
				GCC_NO_COMMON_BLOCKS = YES;
				GCC_OPTIMIZATION_LEVEL = 0;
				GCC_PREPROCESSOR_DEFINITIONS = (
					"DEBUG=1",
					"$(inherited)",
				);
				GCC_WARN_64_TO_32_BIT_CONVERSION = YES;
				GCC_WARN_ABOUT_RETURN_TYPE = YES_ERROR;
				GCC_WARN_UNDECLARED_SELECTOR = YES;
				GCC_WARN_UNINITIALIZED_AUTOS = YES_AGGRESSIVE;
				GCC_WARN_UNUSED_FUNCTION = YES;
				GCC_WARN_UNUSED_VARIABLE = YES;
				IPHONEOS_DEPLOYMENT_TARGET = 13.2;
				MTL_ENABLE_DEBUG_INFO = INCLUDE_SOURCE;
				MTL_FAST_MATH = YES;
				ONLY_ACTIVE_ARCH = YES;
				SDKROOT = iphoneos;
				SWIFT_ACTIVE_COMPILATION_CONDITIONS = DEBUG;
				SWIFT_OPTIMIZATION_LEVEL = "-Onone";
			};
			name = Debug;
		};
		8B051707241250EC008087B0 /* Release */ = {
			isa = XCBuildConfiguration;
			buildSettings = {
				ALWAYS_SEARCH_USER_PATHS = NO;
				CLANG_ANALYZER_NONNULL = YES;
				CLANG_ANALYZER_NUMBER_OBJECT_CONVERSION = YES_AGGRESSIVE;
				CLANG_CXX_LANGUAGE_STANDARD = "gnu++14";
				CLANG_CXX_LIBRARY = "libc++";
				CLANG_ENABLE_MODULES = YES;
				CLANG_ENABLE_OBJC_ARC = YES;
				CLANG_ENABLE_OBJC_WEAK = YES;
				CLANG_WARN_BLOCK_CAPTURE_AUTORELEASING = YES;
				CLANG_WARN_BOOL_CONVERSION = YES;
				CLANG_WARN_COMMA = YES;
				CLANG_WARN_CONSTANT_CONVERSION = YES;
				CLANG_WARN_DEPRECATED_OBJC_IMPLEMENTATIONS = YES;
				CLANG_WARN_DIRECT_OBJC_ISA_USAGE = YES_ERROR;
				CLANG_WARN_DOCUMENTATION_COMMENTS = YES;
				CLANG_WARN_EMPTY_BODY = YES;
				CLANG_WARN_ENUM_CONVERSION = YES;
				CLANG_WARN_INFINITE_RECURSION = YES;
				CLANG_WARN_INT_CONVERSION = YES;
				CLANG_WARN_NON_LITERAL_NULL_CONVERSION = YES;
				CLANG_WARN_OBJC_IMPLICIT_RETAIN_SELF = YES;
				CLANG_WARN_OBJC_LITERAL_CONVERSION = YES;
				CLANG_WARN_OBJC_ROOT_CLASS = YES_ERROR;
				CLANG_WARN_RANGE_LOOP_ANALYSIS = YES;
				CLANG_WARN_STRICT_PROTOTYPES = YES;
				CLANG_WARN_SUSPICIOUS_MOVE = YES;
				CLANG_WARN_UNGUARDED_AVAILABILITY = YES_AGGRESSIVE;
				CLANG_WARN_UNREACHABLE_CODE = YES;
				CLANG_WARN__DUPLICATE_METHOD_MATCH = YES;
				COPY_PHASE_STRIP = NO;
				DEBUG_INFORMATION_FORMAT = "dwarf-with-dsym";
				ENABLE_NS_ASSERTIONS = NO;
				ENABLE_STRICT_OBJC_MSGSEND = YES;
				GCC_C_LANGUAGE_STANDARD = gnu11;
				GCC_NO_COMMON_BLOCKS = YES;
				GCC_WARN_64_TO_32_BIT_CONVERSION = YES;
				GCC_WARN_ABOUT_RETURN_TYPE = YES_ERROR;
				GCC_WARN_UNDECLARED_SELECTOR = YES;
				GCC_WARN_UNINITIALIZED_AUTOS = YES_AGGRESSIVE;
				GCC_WARN_UNUSED_FUNCTION = YES;
				GCC_WARN_UNUSED_VARIABLE = YES;
				IPHONEOS_DEPLOYMENT_TARGET = 13.2;
				MTL_ENABLE_DEBUG_INFO = NO;
				MTL_FAST_MATH = YES;
				SDKROOT = iphoneos;
				SWIFT_COMPILATION_MODE = wholemodule;
				SWIFT_OPTIMIZATION_LEVEL = "-O";
				VALIDATE_PRODUCT = YES;
			};
			name = Release;
		};
		8B051709241250EC008087B0 /* Debug */ = {
			isa = XCBuildConfiguration;
			baseConfigurationReference = 2AC15F9120A4DB9C37E2ED93 /* Pods-VRGSoftIOSInputKit.debug.xcconfig */;
			buildSettings = {
				ASSETCATALOG_COMPILER_APPICON_NAME = AppIcon;
				CODE_SIGN_STYLE = Automatic;
				DEVELOPMENT_TEAM = TXRFU397LA;
				INFOPLIST_FILE = VRGSoftIOSInputKit/Info.plist;
				IPHONEOS_DEPLOYMENT_TARGET = 9.0;
				LD_RUNPATH_SEARCH_PATHS = (
					"$(inherited)",
					"@executable_path/Frameworks",
				);
				PRODUCT_BUNDLE_IDENTIFIER = VRGSoft.VRGSoftIOSInputKit;
				PRODUCT_NAME = "$(TARGET_NAME)";
				SWIFT_VERSION = 5.0;
				TARGETED_DEVICE_FAMILY = "1,2";
			};
			name = Debug;
		};
		8B05170A241250EC008087B0 /* Release */ = {
			isa = XCBuildConfiguration;
			baseConfigurationReference = 5DD16B1190557BFB8BC38284 /* Pods-VRGSoftIOSInputKit.release.xcconfig */;
			buildSettings = {
				ASSETCATALOG_COMPILER_APPICON_NAME = AppIcon;
				CODE_SIGN_STYLE = Automatic;
				DEVELOPMENT_TEAM = TXRFU397LA;
				INFOPLIST_FILE = VRGSoftIOSInputKit/Info.plist;
				IPHONEOS_DEPLOYMENT_TARGET = 9.0;
				LD_RUNPATH_SEARCH_PATHS = (
					"$(inherited)",
					"@executable_path/Frameworks",
				);
				PRODUCT_BUNDLE_IDENTIFIER = VRGSoft.VRGSoftIOSInputKit;
				PRODUCT_NAME = "$(TARGET_NAME)";
				SWIFT_VERSION = 5.0;
				TARGETED_DEVICE_FAMILY = "1,2";
			};
			name = Release;
		};
		8B051724241257DF008087B0 /* Debug */ = {
			isa = XCBuildConfiguration;
			buildSettings = {
				BUNDLE_LOADER = "$(TEST_HOST)";
				CODE_SIGN_STYLE = Automatic;
				DEVELOPMENT_TEAM = TXRFU397LA;
				INFOPLIST_FILE = VRGSoftIOSInputKitTests/Info.plist;
				LD_RUNPATH_SEARCH_PATHS = (
					"$(inherited)",
					"@executable_path/Frameworks",
					"@loader_path/Frameworks",
				);
				PRODUCT_BUNDLE_IDENTIFIER = VRGSoft.VRGSoftIOSInputKitTests;
				PRODUCT_NAME = "$(TARGET_NAME)";
				SWIFT_VERSION = 5.0;
				TARGETED_DEVICE_FAMILY = "1,2";
				TEST_HOST = "$(BUILT_PRODUCTS_DIR)/VRGSoftIOSInputKit.app/VRGSoftIOSInputKit";
			};
			name = Debug;
		};
		8B051725241257DF008087B0 /* Release */ = {
			isa = XCBuildConfiguration;
			buildSettings = {
				BUNDLE_LOADER = "$(TEST_HOST)";
				CODE_SIGN_STYLE = Automatic;
				DEVELOPMENT_TEAM = TXRFU397LA;
				INFOPLIST_FILE = VRGSoftIOSInputKitTests/Info.plist;
				LD_RUNPATH_SEARCH_PATHS = (
					"$(inherited)",
					"@executable_path/Frameworks",
					"@loader_path/Frameworks",
				);
				PRODUCT_BUNDLE_IDENTIFIER = VRGSoft.VRGSoftIOSInputKitTests;
				PRODUCT_NAME = "$(TARGET_NAME)";
				SWIFT_VERSION = 5.0;
				TARGETED_DEVICE_FAMILY = "1,2";
				TEST_HOST = "$(BUILT_PRODUCTS_DIR)/VRGSoftIOSInputKit.app/VRGSoftIOSInputKit";
			};
			name = Release;
		};
/* End XCBuildConfiguration section */

/* Begin XCConfigurationList section */
		8B0516EC241250EA008087B0 /* Build configuration list for PBXProject "VRGSoftIOSInputKit" */ = {
			isa = XCConfigurationList;
			buildConfigurations = (
				8B051706241250EC008087B0 /* Debug */,
				8B051707241250EC008087B0 /* Release */,
			);
			defaultConfigurationIsVisible = 0;
			defaultConfigurationName = Release;
		};
		8B051708241250EC008087B0 /* Build configuration list for PBXNativeTarget "VRGSoftIOSInputKit" */ = {
			isa = XCConfigurationList;
			buildConfigurations = (
				8B051709241250EC008087B0 /* Debug */,
				8B05170A241250EC008087B0 /* Release */,
			);
			defaultConfigurationIsVisible = 0;
			defaultConfigurationName = Release;
		};
		8B051726241257DF008087B0 /* Build configuration list for PBXNativeTarget "VRGSoftIOSInputKitTests" */ = {
			isa = XCConfigurationList;
			buildConfigurations = (
				8B051724241257DF008087B0 /* Debug */,
				8B051725241257DF008087B0 /* Release */,
			);
			defaultConfigurationIsVisible = 0;
			defaultConfigurationName = Release;
		};
/* End XCConfigurationList section */
	};
	rootObject = 8B0516E9241250EA008087B0 /* Project object */;
}
